# This file was autogenerated by Stack.
# You should not edit this file by hand.
# For more information, please see the documentation at:
#   https://docs.haskellstack.org/en/stable/lock_files

packages:
- completed:
    hackage: bytestring-0.10.10.0@sha256:6031d86e4fd6419ad2ea05ecc008188dd64ed6c18f09556c86dd4c80d2a5f626,8961
    pantry-tree:
      size: 2788
      sha256: 3705db25ef7caf442697b8e6fc8d5250096c1d8b1908233985773fe0c0c1a97e
  original:
    hackage: bytestring-0.10.10.0@sha256:6031d86e4fd6419ad2ea05ecc008188dd64ed6c18f09556c86dd4c80d2a5f626,8961
- completed:
    hackage: containers-0.6.2.1@sha256:550b39286f70c39402a21e61f0f8a8b19e0f2b9270197d8524b8f3cbe4f43ee1,2561
    pantry-tree:
      size: 2823
      sha256: 0463a6f54ce2fcddb0def77c78a013a982f84aa88c923ab1f6ffe3c51aaa0775
  original:
    hackage: containers-0.6.2.1@sha256:550b39286f70c39402a21e61f0f8a8b19e0f2b9270197d8524b8f3cbe4f43ee1,2561
- completed:
    hackage: heaps-0.3.6.1@sha256:7928b759ca5180d35722c45948c0bde264229f3c99c1888188a3d9285f13d3d2,1340
    pantry-tree:
      size: 472
      sha256: b861a1cf43db0ec89a2c09caf8e913210aec8564a36046a8525cde3965dd181a
  original:
    hackage: heaps-0.3.6.1@sha256:7928b759ca5180d35722c45948c0bde264229f3c99c1888188a3d9285f13d3d2,1340
- completed:
    hackage: primitive-0.7.0.1@sha256:a381571c36edc7dca28b77fe8159b43c14c640087ec5946adacf949feec64231,3433
    pantry-tree:
      size: 3221
      sha256: fea4312bd404ad504e44a7fd933a3b3442c0a5e1c41bd8abec3c2e7282d88e18
  original:
    hackage: primitive-0.7.0.1@sha256:a381571c36edc7dca28b77fe8159b43c14c640087ec5946adacf949feec64231,3433
- completed:
    hackage: psqueues-0.2.7.2@sha256:dbefb35cff7f85ecbe846aed9d6362a3ce1c45260885fb9d562d8c8ed8a81534,4926
    pantry-tree:
      size: 1696
      sha256: 3da71e8233d631954b5b853e34fa7fc7b052cc7f77291bc2037a95645462d3fd
  original:
    hackage: psqueues-0.2.7.2@sha256:dbefb35cff7f85ecbe846aed9d6362a3ce1c45260885fb9d562d8c8ed8a81534,4926
- completed:
    hackage: unboxing-vector-0.1.1.0@sha256:3c89bd0fc0f3fac1d21e0f8492104bb102667133fc57910c8487d409d8a3727e,3093
    pantry-tree:
      size: 1271
      sha256: 616d4a21051e01af9578ae4f3b0dc854b35ab2161e0e08ab4075a319da12bb46
  original:
    hackage: unboxing-vector-0.1.1.0@sha256:3c89bd0fc0f3fac1d21e0f8492104bb102667133fc57910c8487d409d8a3727e,3093
- completed:
    hackage: vector-0.12.1.2@sha256:9291bc581f36e51d5bda9fce57cb980fbec3dd292996896f285fef39eb80a9a0,7364
    pantry-tree:
      size: 3784
      sha256: f79eefc8ba2b57ded2276f48046e64663d37b210b6047b6b6ecb30c9da196216
  original:
    hackage: vector-0.12.1.2@sha256:9291bc581f36e51d5bda9fce57cb980fbec3dd292996896f285fef39eb80a9a0,7364
- completed:
    hackage: vector-algorithms-0.8.0.3@sha256:477ef5ac82fdd28a39536ed0a767faec3425802827abee485be31db5bc6f5e90,3488
    pantry-tree:
      size: 1439
      sha256: 9f04ef44c2459a122f2d5c093b4a9ebc47aaa00284a7bff9793fee7c6783f979
  original:
    hackage: vector-algorithms-0.8.0.3@sha256:477ef5ac82fdd28a39536ed0a767faec3425802827abee485be31db5bc6f5e90,3488
- completed:
    hackage: text-1.2.5.0@sha256:791f0f6c97ed96113f17ab520cf0efe1a3a4f883a8c85910a5660567c8241c40,7895
    pantry-tree:
      size: 7395
      sha256: f41504ec5c04a3f3358ef104362f02fdef29cbce4e5e4e6dbd6b6db70c40d4bf
  original:
    hackage: text-1.2.5.0@sha256:791f0f6c97ed96113f17ab520cf0efe1a3a4f883a8c85910a5660567c8241c40,7895
- completed:
    hackage: binary-0.8.9.0@sha256:9cac9a1d86bfa3e7f75cc8bffaa256f3967ebb6d76f67a42f9679384c5c5e18a,6523
    pantry-tree:
      size: 1976
      sha256: 61308af6be2cdb6ba09390d35f3fa1ebb45e3af688bf04922658532398eaa276
  original:
    hackage: binary-0.8.9.0@sha256:9cac9a1d86bfa3e7f75cc8bffaa256f3967ebb6d76f67a42f9679384c5c5e18a,6523
snapshots:
- completed:
    size: 587393
    url: https://raw.githubusercontent.com/commercialhaskell/stackage-snapshots/master/lts/18/25.yaml
    sha256: 1b74fb5e970497b5aefae56703f1bd44aa648bd1a5ef95c1eb8c29775087e2bf
  original:
    url: https://raw.githubusercontent.com/commercialhaskell/stackage-snapshots/master/lts/18/25.yaml
